# This is a Gradle generated file for dependency locking.
# Manual edits can break the build and are not advised.
# This file is expected to be part of source control.
androidx.activity:activity-ktx:1.2.3=apiDependenciesMetadata,debugAndroidTestCompileClasspath,debugApiDependenciesMetadata,debugCompileClasspath,debugImplementationDependenciesMetadata,debugRuntimeClasspath,debugUnitTestCompileClasspath,debugUnitTestRuntimeClasspath,implementationDependenciesMetadata,releaseApiDependenciesMetadata,releaseCompileClasspath,releaseImplementationDependenciesMetadata,releaseRuntimeClasspath,releaseUnitTestCompileClasspath,releaseUnitTestRuntimeClasspath
androidx.activity:activity:1.2.4=apiDependenciesMetadata,debugAndroidTestCompileClasspath,debugApiDependenciesMetadata,debugCompileClasspath,debugImplementationDependenciesMetadata,debugRuntimeClasspath,debugUnitTestCompileClasspath,debugUnitTestRuntimeClasspath,implementationDependenciesMetadata,releaseApiDependenciesMetadata,releaseCompileClasspath,releaseImplementationDependenciesMetadata,releaseRuntimeClasspath,releaseUnitTestCompileClasspath,releaseUnitTestRuntimeClasspath
androidx.annotation:annotation-experimental:1.1.0=apiDependenciesMetadata,debugAndroidTestCompileClasspath,debugApiDependenciesMetadata,debugCompileClasspath,debugImplementationDependenciesMetadata,debugRuntimeClasspath,debugUnitTestCompileClasspath,debugUnitTestRuntimeClasspath,implementationDependenciesMetadata,releaseApiDependenciesMetadata,releaseCompileClasspath,releaseImplementationDependenciesMetadata,releaseRuntimeClasspath,releaseUnitTestCompileClasspath,releaseUnitTestRuntimeClasspath
androidx.annotation:annotation:1.1.0=kapt,kaptAndroidTest,kaptAndroidTestDebug,kaptAndroidTestRelease,kaptClasspath_kaptDebugKotlin,kaptClasspath_kaptReleaseKotlin,kaptDebug,kaptRelease,kaptTest,kaptTestDebug,kaptTestRelease
androidx.annotation:annotation:1.2.0=apiDependenciesMetadata,debugAndroidTestCompileClasspath,debugApiDependenciesMetadata,debugCompileClasspath,debugImplementationDependenciesMetadata,debugRuntimeClasspath,debugUnitTestCompileClasspath,debugUnitTestRuntimeClasspath,implementationDependenciesMetadata,releaseApiDependenciesMetadata,releaseCompileClasspath,releaseImplementationDependenciesMetadata,releaseRuntimeClasspath,releaseUnitTestCompileClasspath,releaseUnitTestRuntimeClasspath
androidx.arch.core:core-common:2.1.0=apiDependenciesMetadata,debugAndroidTestCompileClasspath,debugApiDependenciesMetadata,debugCompileClasspath,debugImplementationDependenciesMetadata,debugRuntimeClasspath,debugUnitTestCompileClasspath,debugUnitTestRuntimeClasspath,implementationDependenciesMetadata,releaseApiDependenciesMetadata,releaseCompileClasspath,releaseImplementationDependenciesMetadata,releaseRuntimeClasspath,releaseUnitTestCompileClasspath,releaseUnitTestRuntimeClasspath
androidx.arch.core:core-runtime:2.0.0=apiDependenciesMetadata,debugAndroidTestCompileClasspath,debugApiDependenciesMetadata,debugImplementationDependenciesMetadata,implementationDependenciesMetadata,releaseApiDependenciesMetadata,releaseImplementationDependenciesMetadata
androidx.arch.core:core-runtime:2.1.0=debugCompileClasspath,debugRuntimeClasspath,debugUnitTestCompileClasspath,debugUnitTestRuntimeClasspath,releaseCompileClasspath,releaseRuntimeClasspath,releaseUnitTestCompileClasspath,releaseUnitTestRuntimeClasspath
androidx.collection:collection-ktx:1.1.0=apiDependenciesMetadata,debugAndroidTestCompileClasspath,debugApiDependenciesMetadata,debugCompileClasspath,debugImplementationDependenciesMetadata,debugRuntimeClasspath,debugUnitTestCompileClasspath,debugUnitTestRuntimeClasspath,implementationDependenciesMetadata,releaseApiDependenciesMetadata,releaseCompileClasspath,releaseImplementationDependenciesMetadata,releaseRuntimeClasspath,releaseUnitTestCompileClasspath,releaseUnitTestRuntimeClasspath
androidx.collection:collection:1.1.0=apiDependenciesMetadata,debugAndroidTestCompileClasspath,debugApiDependenciesMetadata,debugCompileClasspath,debugImplementationDependenciesMetadata,debugRuntimeClasspath,debugUnitTestCompileClasspath,debugUnitTestRuntimeClasspath,implementationDependenciesMetadata,releaseApiDependenciesMetadata,releaseCompileClasspath,releaseImplementationDependenciesMetadata,releaseRuntimeClasspath,releaseUnitTestCompileClasspath,releaseUnitTestRuntimeClasspath
androidx.core:core-ktx:1.7.0-alpha01=apiDependenciesMetadata,debugAndroidTestCompileClasspath,debugApiDependenciesMetadata,debugCompileClasspath,debugImplementationDependenciesMetadata,debugRuntimeClasspath,debugUnitTestCompileClasspath,debugUnitTestRuntimeClasspath,implementationDependenciesMetadata,releaseApiDependenciesMetadata,releaseCompileClasspath,releaseImplementationDependenciesMetadata,releaseRuntimeClasspath,releaseUnitTestCompileClasspath,releaseUnitTestRuntimeClasspath
androidx.core:core:1.7.0-alpha01=apiDependenciesMetadata,debugAndroidTestCompileClasspath,debugApiDependenciesMetadata,debugCompileClasspath,debugImplementationDependenciesMetadata,debugRuntimeClasspath,debugUnitTestCompileClasspath,debugUnitTestRuntimeClasspath,implementationDependenciesMetadata,releaseApiDependenciesMetadata,releaseCompileClasspath,releaseImplementationDependenciesMetadata,releaseRuntimeClasspath,releaseUnitTestCompileClasspath,releaseUnitTestRuntimeClasspath
androidx.customview:customview:1.0.0=apiDependenciesMetadata,debugAndroidTestCompileClasspath,debugApiDependenciesMetadata,debugCompileClasspath,debugImplementationDependenciesMetadata,debugRuntimeClasspath,debugUnitTestCompileClasspath,debugUnitTestRuntimeClasspath,implementationDependenciesMetadata,releaseApiDependenciesMetadata,releaseCompileClasspath,releaseImplementationDependenciesMetadata,releaseRuntimeClasspath,releaseUnitTestCompileClasspath,releaseUnitTestRuntimeClasspath
androidx.fragment:fragment-ktx:1.4.0-alpha05=apiDependenciesMetadata,debugAndroidTestCompileClasspath,debugApiDependenciesMetadata,debugCompileClasspath,debugImplementationDependenciesMetadata,debugRuntimeClasspath,debugUnitTestCompileClasspath,debugUnitTestRuntimeClasspath,implementationDependenciesMetadata,releaseApiDependenciesMetadata,releaseCompileClasspath,releaseImplementationDependenciesMetadata,releaseRuntimeClasspath,releaseUnitTestCompileClasspath,releaseUnitTestRuntimeClasspath
androidx.fragment:fragment:1.4.0-alpha05=apiDependenciesMetadata,debugAndroidTestCompileClasspath,debugApiDependenciesMetadata,debugCompileClasspath,debugImplementationDependenciesMetadata,debugRuntimeClasspath,debugUnitTestCompileClasspath,debugUnitTestRuntimeClasspath,implementationDependenciesMetadata,releaseApiDependenciesMetadata,releaseCompileClasspath,releaseImplementationDependenciesMetadata,releaseRuntimeClasspath,releaseUnitTestCompileClasspath,releaseUnitTestRuntimeClasspath
androidx.lifecycle:lifecycle-common:2.3.1=apiDependenciesMetadata,debugAndroidTestCompileClasspath,debugApiDependenciesMetadata,debugCompileClasspath,debugImplementationDependenciesMetadata,debugRuntimeClasspath,debugUnitTestCompileClasspath,debugUnitTestRuntimeClasspath,implementationDependenciesMetadata,releaseApiDependenciesMetadata,releaseCompileClasspath,releaseImplementationDependenciesMetadata,releaseRuntimeClasspath,releaseUnitTestCompileClasspath,releaseUnitTestRuntimeClasspath
androidx.lifecycle:lifecycle-livedata-core-ktx:2.3.1=apiDependenciesMetadata,debugAndroidTestCompileClasspath,debugApiDependenciesMetadata,debugCompileClasspath,debugImplementationDependenciesMetadata,debugRuntimeClasspath,debugUnitTestCompileClasspath,debugUnitTestRuntimeClasspath,implementationDependenciesMetadata,releaseApiDependenciesMetadata,releaseCompileClasspath,releaseImplementationDependenciesMetadata,releaseRuntimeClasspath,releaseUnitTestCompileClasspath,releaseUnitTestRuntimeClasspath
androidx.lifecycle:lifecycle-livedata-core:2.3.1=apiDependenciesMetadata,debugAndroidTestCompileClasspath,debugApiDependenciesMetadata,debugCompileClasspath,debugImplementationDependenciesMetadata,debugRuntimeClasspath,debugUnitTestCompileClasspath,debugUnitTestRuntimeClasspath,implementationDependenciesMetadata,releaseApiDependenciesMetadata,releaseCompileClasspath,releaseImplementationDependenciesMetadata,releaseRuntimeClasspath,releaseUnitTestCompileClasspath,releaseUnitTestRuntimeClasspath
androidx.lifecycle:lifecycle-livedata:2.0.0=apiDependenciesMetadata,debugAndroidTestCompileClasspath,debugApiDependenciesMetadata,debugCompileClasspath,debugImplementationDependenciesMetadata,debugRuntimeClasspath,debugUnitTestCompileClasspath,debugUnitTestRuntimeClasspath,implementationDependenciesMetadata,releaseApiDependenciesMetadata,releaseCompileClasspath,releaseImplementationDependenciesMetadata,releaseRuntimeClasspath,releaseUnitTestCompileClasspath,releaseUnitTestRuntimeClasspath
androidx.lifecycle:lifecycle-runtime-ktx:2.3.1=apiDependenciesMetadata,debugAndroidTestCompileClasspath,debugApiDependenciesMetadata,debugCompileClasspath,debugImplementationDependenciesMetadata,debugRuntimeClasspath,debugUnitTestCompileClasspath,debugUnitTestRuntimeClasspath,implementationDependenciesMetadata,releaseApiDependenciesMetadata,releaseCompileClasspath,releaseImplementationDependenciesMetadata,releaseRuntimeClasspath,releaseUnitTestCompileClasspath,releaseUnitTestRuntimeClasspath
androidx.lifecycle:lifecycle-runtime:2.3.1=apiDependenciesMetadata,debugAndroidTestCompileClasspath,debugApiDependenciesMetadata,debugCompileClasspath,debugImplementationDependenciesMetadata,debugRuntimeClasspath,debugUnitTestCompileClasspath,debugUnitTestRuntimeClasspath,implementationDependenciesMetadata,releaseApiDependenciesMetadata,releaseCompileClasspath,releaseImplementationDependenciesMetadata,releaseRuntimeClasspath,releaseUnitTestCompileClasspath,releaseUnitTestRuntimeClasspath
androidx.lifecycle:lifecycle-viewmodel-ktx:2.3.1=apiDependenciesMetadata,debugAndroidTestCompileClasspath,debugApiDependenciesMetadata,debugCompileClasspath,debugImplementationDependenciesMetadata,debugRuntimeClasspath,debugUnitTestCompileClasspath,debugUnitTestRuntimeClasspath,implementationDependenciesMetadata,releaseApiDependenciesMetadata,releaseCompileClasspath,releaseImplementationDependenciesMetadata,releaseRuntimeClasspath,releaseUnitTestCompileClasspath,releaseUnitTestRuntimeClasspath
androidx.lifecycle:lifecycle-viewmodel-savedstate:2.3.1=apiDependenciesMetadata,debugAndroidTestCompileClasspath,debugApiDependenciesMetadata,debugCompileClasspath,debugImplementationDependenciesMetadata,debugRuntimeClasspath,debugUnitTestCompileClasspath,debugUnitTestRuntimeClasspath,implementationDependenciesMetadata,releaseApiDependenciesMetadata,releaseCompileClasspath,releaseImplementationDependenciesMetadata,releaseRuntimeClasspath,releaseUnitTestCompileClasspath,releaseUnitTestRuntimeClasspath
androidx.lifecycle:lifecycle-viewmodel:2.3.1=apiDependenciesMetadata,debugAndroidTestCompileClasspath,debugApiDependenciesMetadata,debugCompileClasspath,debugImplementationDependenciesMetadata,debugRuntimeClasspath,debugUnitTestCompileClasspath,debugUnitTestRuntimeClasspath,implementationDependenciesMetadata,releaseApiDependenciesMetadata,releaseCompileClasspath,releaseImplementationDependenciesMetadata,releaseRuntimeClasspath,releaseUnitTestCompileClasspath,releaseUnitTestRuntimeClasspath
androidx.loader:loader:1.0.0=apiDependenciesMetadata,debugAndroidTestCompileClasspath,debugApiDependenciesMetadata,debugCompileClasspath,debugImplementationDependenciesMetadata,debugRuntimeClasspath,debugUnitTestCompileClasspath,debugUnitTestRuntimeClasspath,implementationDependenciesMetadata,releaseApiDependenciesMetadata,releaseCompileClasspath,releaseImplementationDependenciesMetadata,releaseRuntimeClasspath,releaseUnitTestCompileClasspath,releaseUnitTestRuntimeClasspath
androidx.room:room-common:2.4.0-alpha04=apiDependenciesMetadata,debugAndroidTestCompileClasspath,debugApiDependenciesMetadata,debugCompileClasspath,debugImplementationDependenciesMetadata,debugRuntimeClasspath,debugUnitTestCompileClasspath,debugUnitTestRuntimeClasspath,implementationDependenciesMetadata,kapt,kaptAndroidTest,kaptAndroidTestDebug,kaptAndroidTestRelease,kaptClasspath_kaptDebugKotlin,kaptClasspath_kaptReleaseKotlin,kaptDebug,kaptRelease,kaptTest,kaptTestDebug,kaptTestRelease,releaseApiDependenciesMetadata,releaseCompileClasspath,releaseImplementationDependenciesMetadata,releaseRuntimeClasspath,releaseUnitTestCompileClasspath,releaseUnitTestRuntimeClasspath
androidx.room:room-compiler-processing:2.4.0-alpha04=kapt,kaptAndroidTest,kaptAndroidTestDebug,kaptAndroidTestRelease,kaptClasspath_kaptDebugKotlin,kaptClasspath_kaptReleaseKotlin,kaptDebug,kaptRelease,kaptTest,kaptTestDebug,kaptTestRelease
androidx.room:room-compiler:2.4.0-alpha04=kapt,kaptAndroidTest,kaptAndroidTestDebug,kaptAndroidTestRelease,kaptClasspath_kaptDebugKotlin,kaptClasspath_kaptReleaseKotlin,kaptDebug,kaptRelease,kaptTest,kaptTestDebug,kaptTestRelease
androidx.room:room-ktx:2.4.0-alpha04=apiDependenciesMetadata,debugAndroidTestCompileClasspath,debugApiDependenciesMetadata,debugCompileClasspath,debugImplementationDependenciesMetadata,debugRuntimeClasspath,debugUnitTestCompileClasspath,debugUnitTestRuntimeClasspath,implementationDependenciesMetadata,releaseApiDependenciesMetadata,releaseCompileClasspath,releaseImplementationDependenciesMetadata,releaseRuntimeClasspath,releaseUnitTestCompileClasspath,releaseUnitTestRuntimeClasspath
androidx.room:room-migration:2.4.0-alpha04=kapt,kaptAndroidTest,kaptAndroidTestDebug,kaptAndroidTestRelease,kaptClasspath_kaptDebugKotlin,kaptClasspath_kaptReleaseKotlin,kaptDebug,kaptRelease,kaptTest,kaptTestDebug,kaptTestRelease
androidx.room:room-runtime:2.4.0-alpha04=apiDependenciesMetadata,debugAndroidTestCompileClasspath,debugApiDependenciesMetadata,debugCompileClasspath,debugImplementationDependenciesMetadata,debugRuntimeClasspath,debugUnitTestCompileClasspath,debugUnitTestRuntimeClasspath,implementationDependenciesMetadata,releaseApiDependenciesMetadata,releaseCompileClasspath,releaseImplementationDependenciesMetadata,releaseRuntimeClasspath,releaseUnitTestCompileClasspath,releaseUnitTestRuntimeClasspath
androidx.savedstate:savedstate-ktx:1.1.0=apiDependenciesMetadata,debugAndroidTestCompileClasspath,debugApiDependenciesMetadata,debugCompileClasspath,debugImplementationDependenciesMetadata,debugRuntimeClasspath,debugUnitTestCompileClasspath,debugUnitTestRuntimeClasspath,implementationDependenciesMetadata,releaseApiDependenciesMetadata,releaseCompileClasspath,releaseImplementationDependenciesMetadata,releaseRuntimeClasspath,releaseUnitTestCompileClasspath,releaseUnitTestRuntimeClasspath
androidx.savedstate:savedstate:1.1.0=apiDependenciesMetadata,debugAndroidTestCompileClasspath,debugApiDependenciesMetadata,debugCompileClasspath,debugImplementationDependenciesMetadata,debugRuntimeClasspath,debugUnitTestCompileClasspath,debugUnitTestRuntimeClasspath,implementationDependenciesMetadata,releaseApiDependenciesMetadata,releaseCompileClasspath,releaseImplementationDependenciesMetadata,releaseRuntimeClasspath,releaseUnitTestCompileClasspath,releaseUnitTestRuntimeClasspath
androidx.sqlite:sqlite-framework:2.2.0-alpha02=apiDependenciesMetadata,debugAndroidTestCompileClasspath,debugApiDependenciesMetadata,debugCompileClasspath,debugImplementationDependenciesMetadata,debugRuntimeClasspath,debugUnitTestCompileClasspath,debugUnitTestRuntimeClasspath,implementationDependenciesMetadata,releaseApiDependenciesMetadata,releaseCompileClasspath,releaseImplementationDependenciesMetadata,releaseRuntimeClasspath,releaseUnitTestCompileClasspath,releaseUnitTestRuntimeClasspath
androidx.sqlite:sqlite:2.2.0-alpha02=apiDependenciesMetadata,debugAndroidTestCompileClasspath,debugApiDependenciesMetadata,debugCompileClasspath,debugImplementationDependenciesMetadata,debugRuntimeClasspath,debugUnitTestCompileClasspath,debugUnitTestRuntimeClasspath,implementationDependenciesMetadata,releaseApiDependenciesMetadata,releaseCompileClasspath,releaseImplementationDependenciesMetadata,releaseRuntimeClasspath,releaseUnitTestCompileClasspath,releaseUnitTestRuntimeClasspath
androidx.startup:startup-runtime:1.0.0=apiDependenciesMetadata,debugAndroidTestCompileClasspath,debugApiDependenciesMetadata,debugCompileClasspath,debugImplementationDependenciesMetadata,debugRuntimeClasspath,debugUnitTestCompileClasspath,debugUnitTestRuntimeClasspath,implementationDependenciesMetadata,releaseApiDependenciesMetadata,releaseCompileClasspath,releaseImplementationDependenciesMetadata,releaseRuntimeClasspath,releaseUnitTestCompileClasspath,releaseUnitTestRuntimeClasspath
androidx.tracing:tracing:1.0.0=debugRuntimeClasspath,debugUnitTestRuntimeClasspath,releaseRuntimeClasspath,releaseUnitTestRuntimeClasspath
androidx.versionedparcelable:versionedparcelable:1.1.1=apiDependenciesMetadata,debugAndroidTestCompileClasspath,debugApiDependenciesMetadata,debugCompileClasspath,debugImplementationDependenciesMetadata,debugRuntimeClasspath,debugUnitTestCompileClasspath,debugUnitTestRuntimeClasspath,implementationDependenciesMetadata,releaseApiDependenciesMetadata,releaseCompileClasspath,releaseImplementationDependenciesMetadata,releaseRuntimeClasspath,releaseUnitTestCompileClasspath,releaseUnitTestRuntimeClasspath
androidx.viewpager:viewpager:1.0.0=apiDependenciesMetadata,debugAndroidTestCompileClasspath,debugApiDependenciesMetadata,debugCompileClasspath,debugImplementationDependenciesMetadata,debugRuntimeClasspath,debugUnitTestCompileClasspath,debugUnitTestRuntimeClasspath,implementationDependenciesMetadata,releaseApiDependenciesMetadata,releaseCompileClasspath,releaseImplementationDependenciesMetadata,releaseRuntimeClasspath,releaseUnitTestCompileClasspath,releaseUnitTestRuntimeClasspath
com.android.tools.analytics-library:protos:27.2.0=lintClassPath
com.android.tools.analytics-library:shared:27.2.0=lintClassPath
com.android.tools.analytics-library:tracker:27.2.0=lintClassPath
com.android.tools.build:aapt2-proto:4.1.0-alpha01-6193524=lintClassPath
com.android.tools.build:apksig:4.2.0=lintClassPath
com.android.tools.build:apkzlib:4.2.0=lintClassPath
com.android.tools.build:builder-model:4.2.0=lintClassPath
com.android.tools.build:builder-test-api:4.2.0=lintClassPath
com.android.tools.build:builder:4.2.0=lintClassPath
com.android.tools.build:gradle-api:4.2.0=lintClassPath
com.android.tools.build:manifest-merger:27.2.0=lintClassPath
com.android.tools.ddms:ddmlib:27.2.0=lintClassPath
com.android.tools.external.com-intellij:intellij-core:27.2.0=lintClassPath
com.android.tools.external.com-intellij:kotlin-compiler:27.2.0=lintClassPath
com.android.tools.external.org-jetbrains:uast:27.2.0=lintClassPath
com.android.tools.layoutlib:layoutlib-api:27.2.0=lintClassPath
com.android.tools.lint:lint-api:27.2.0=lintClassPath
com.android.tools.lint:lint-checks:27.2.0=lintClassPath
com.android.tools.lint:lint-gradle-api:27.2.0=lintClassPath
com.android.tools.lint:lint-gradle:27.2.0=lintClassPath
com.android.tools.lint:lint-model:27.2.0=lintClassPath
com.android.tools.lint:lint:27.2.0=lintClassPath
com.android.tools:annotations:27.2.0=lintClassPath
com.android.tools:common:27.2.0=lintClassPath
com.android.tools:dvlib:27.2.0=lintClassPath
com.android.tools:repository:27.2.0=lintClassPath
com.android.tools:sdk-common:27.2.0=lintClassPath
com.android.tools:sdklib:27.2.0=lintClassPath
com.android:signflinger:4.2.0=lintClassPath
com.android:zipflinger:4.2.0=lintClassPath
com.google.auto.value:auto-value-annotations:1.6.3=kapt,kaptAndroidTest,kaptAndroidTestDebug,kaptAndroidTestRelease,kaptClasspath_kaptDebugKotlin,kaptClasspath_kaptReleaseKotlin,kaptDebug,kaptRelease,kaptTest,kaptTestDebug,kaptTestRelease
com.google.auto:auto-common:0.11=kapt,kaptAndroidTest,kaptAndroidTestDebug,kaptAndroidTestRelease,kaptClasspath_kaptDebugKotlin,kaptClasspath_kaptReleaseKotlin,kaptDebug,kaptRelease,kaptTest,kaptTestDebug,kaptTestRelease
com.google.code.findbugs:jsr305:3.0.1=apiDependenciesMetadata,debugAndroidTestCompileClasspath,debugApiDependenciesMetadata,debugCompileClasspath,debugImplementationDependenciesMetadata,debugRuntimeClasspath,debugUnitTestCompileClasspath,debugUnitTestRuntimeClasspath,implementationDependenciesMetadata,releaseApiDependenciesMetadata,releaseCompileClasspath,releaseImplementationDependenciesMetadata,releaseRuntimeClasspath,releaseUnitTestCompileClasspath,releaseUnitTestRuntimeClasspath
com.google.code.findbugs:jsr305:3.0.2=kapt,kaptAndroidTest,kaptAndroidTestDebug,kaptAndroidTestRelease,kaptClasspath_kaptDebugKotlin,kaptClasspath_kaptReleaseKotlin,kaptDebug,kaptRelease,kaptTest,kaptTestDebug,kaptTestRelease,lintClassPath
com.google.code.gson:gson:2.8.0=kapt,kaptAndroidTest,kaptAndroidTestDebug,kaptAndroidTestRelease,kaptClasspath_kaptDebugKotlin,kaptClasspath_kaptReleaseKotlin,kaptDebug,kaptRelease,kaptTest,kaptTestDebug,kaptTestRelease
com.google.code.gson:gson:2.8.6=lintClassPath
com.google.dagger:dagger-compiler:2.35=kapt,kaptAndroidTest,kaptAndroidTestDebug,kaptAndroidTestRelease,kaptClasspath_kaptDebugKotlin,kaptClasspath_kaptReleaseKotlin,kaptDebug,kaptRelease,kaptTest,kaptTestDebug,kaptTestRelease
com.google.dagger:dagger-lint-aar:2.35=apiDependenciesMetadata,debugAndroidTestCompileClasspath,debugApiDependenciesMetadata,debugCompileClasspath,debugImplementationDependenciesMetadata,debugRuntimeClasspath,debugUnitTestCompileClasspath,debugUnitTestRuntimeClasspath,implementationDependenciesMetadata,releaseApiDependenciesMetadata,releaseCompileClasspath,releaseImplementationDependenciesMetadata,releaseRuntimeClasspath,releaseUnitTestCompileClasspath,releaseUnitTestRuntimeClasspath
com.google.dagger:dagger-producers:2.35=kapt,kaptAndroidTest,kaptAndroidTestDebug,kaptAndroidTestRelease,kaptClasspath_kaptDebugKotlin,kaptClasspath_kaptReleaseKotlin,kaptDebug,kaptRelease,kaptTest,kaptTestDebug,kaptTestRelease
com.google.dagger:dagger-spi:2.35=kapt,kaptAndroidTest,kaptAndroidTestDebug,kaptAndroidTestRelease,kaptClasspath_kaptDebugKotlin,kaptClasspath_kaptReleaseKotlin,kaptDebug,kaptRelease,kaptTest,kaptTestDebug,kaptTestRelease
com.google.dagger:dagger:2.35=apiDependenciesMetadata,debugAndroidTestCompileClasspath,debugApiDependenciesMetadata,debugCompileClasspath,debugImplementationDependenciesMetadata,debugRuntimeClasspath,debugUnitTestCompileClasspath,debugUnitTestRuntimeClasspath,implementationDependenciesMetadata,kapt,kaptAndroidTest,kaptAndroidTestDebug,kaptAndroidTestRelease,kaptClasspath_kaptDebugKotlin,kaptClasspath_kaptReleaseKotlin,kaptDebug,kaptRelease,kaptTest,kaptTestDebug,kaptTestRelease,releaseApiDependenciesMetadata,releaseCompileClasspath,releaseImplementationDependenciesMetadata,releaseRuntimeClasspath,releaseUnitTestCompileClasspath,releaseUnitTestRuntimeClasspath
com.google.dagger:hilt-android-compiler:2.35=kapt,kaptAndroidTest,kaptAndroidTestDebug,kaptAndroidTestRelease,kaptClasspath_kaptDebugKotlin,kaptClasspath_kaptReleaseKotlin,kaptDebug,kaptRelease,kaptTest,kaptTestDebug,kaptTestRelease
com.google.dagger:hilt-android:2.35=apiDependenciesMetadata,debugAndroidTestCompileClasspath,debugApiDependenciesMetadata,debugCompileClasspath,debugImplementationDependenciesMetadata,debugRuntimeClasspath,debugUnitTestCompileClasspath,debugUnitTestRuntimeClasspath,implementationDependenciesMetadata,releaseApiDependenciesMetadata,releaseCompileClasspath,releaseImplementationDependenciesMetadata,releaseRuntimeClasspath,releaseUnitTestCompileClasspath,releaseUnitTestRuntimeClasspath
com.google.dagger:hilt-core:2.35=apiDependenciesMetadata,debugAndroidTestCompileClasspath,debugApiDependenciesMetadata,debugCompileClasspath,debugImplementationDependenciesMetadata,debugRuntimeClasspath,debugUnitTestCompileClasspath,debugUnitTestRuntimeClasspath,implementationDependenciesMetadata,releaseApiDependenciesMetadata,releaseCompileClasspath,releaseImplementationDependenciesMetadata,releaseRuntimeClasspath,releaseUnitTestCompileClasspath,releaseUnitTestRuntimeClasspath
com.google.devtools.ksp:symbol-processing-api:1.5.10-1.0.0-beta01=kapt,kaptAndroidTest,kaptAndroidTestDebug,kaptAndroidTestRelease,kaptClasspath_kaptDebugKotlin,kaptClasspath_kaptReleaseKotlin,kaptDebug,kaptRelease,kaptTest,kaptTestDebug,kaptTestRelease
com.google.errorprone:error_prone_annotations:2.3.2=lintClassPath
com.google.errorprone:error_prone_annotations:2.3.4=kapt,kaptAndroidTest,kaptAndroidTestDebug,kaptAndroidTestRelease,kaptClasspath_kaptDebugKotlin,kaptClasspath_kaptReleaseKotlin,kaptDebug,kaptRelease,kaptTest,kaptTestDebug,kaptTestRelease
com.google.errorprone:javac-shaded:9-dev-r4023-3=kapt,kaptAndroidTest,kaptAndroidTestDebug,kaptAndroidTestRelease,kaptClasspath_kaptDebugKotlin,kaptClasspath_kaptReleaseKotlin,kaptDebug,kaptRelease,kaptTest,kaptTestDebug,kaptTestRelease
com.google.googlejavaformat:google-java-format:1.5=kapt,kaptAndroidTest,kaptAndroidTestDebug,kaptAndroidTestRelease,kaptClasspath_kaptDebugKotlin,kaptClasspath_kaptReleaseKotlin,kaptDebug,kaptRelease,kaptTest,kaptTestDebug,kaptTestRelease
com.google.guava:failureaccess:1.0.1=kapt,kaptAndroidTest,kaptAndroidTestDebug,kaptAndroidTestRelease,kaptClasspath_kaptDebugKotlin,kaptClasspath_kaptReleaseKotlin,kaptDebug,kaptRelease,kaptTest,kaptTestDebug,kaptTestRelease,lintClassPath
com.google.guava:guava:28.1-jre=lintClassPath
com.google.guava:guava:29.0-jre=kapt,kaptAndroidTest,kaptAndroidTestDebug,kaptAndroidTestRelease,kaptClasspath_kaptDebugKotlin,kaptClasspath_kaptReleaseKotlin,kaptDebug,kaptRelease,kaptTest,kaptTestDebug,kaptTestRelease
com.google.guava:listenablefuture:9999.0-empty-to-avoid-conflict-with-guava=kapt,kaptAndroidTest,kaptAndroidTestDebug,kaptAndroidTestRelease,kaptClasspath_kaptDebugKotlin,kaptClasspath_kaptReleaseKotlin,kaptDebug,kaptRelease,kaptTest,kaptTestDebug,kaptTestRelease,lintClassPath
com.google.j2objc:j2objc-annotations:1.3=kapt,kaptAndroidTest,kaptAndroidTestDebug,kaptAndroidTestRelease,kaptClasspath_kaptDebugKotlin,kaptClasspath_kaptReleaseKotlin,kaptDebug,kaptRelease,kaptTest,kaptTestDebug,kaptTestRelease,lintClassPath
com.google.jimfs:jimfs:1.1=lintClassPath
com.google.protobuf:protobuf-java:3.10.0=lintClassPath
com.googlecode.json-simple:json-simple:1.1=lintClassPath
com.intellij:annotations:12.0=kapt,kaptAndroidTest,kaptAndroidTestDebug,kaptAndroidTestRelease,kaptClasspath_kaptDebugKotlin,kaptClasspath_kaptReleaseKotlin,kaptDebug,kaptRelease,kaptTest,kaptTestDebug,kaptTestRelease
com.squareup.moshi:moshi:1.8.0=apiDependenciesMetadata,debugAndroidTestCompileClasspath,debugApiDependenciesMetadata,debugCompileClasspath,debugImplementationDependenciesMetadata,debugRuntimeClasspath,debugUnitTestCompileClasspath,debugUnitTestRuntimeClasspath,implementationDependenciesMetadata,releaseApiDependenciesMetadata,releaseCompileClasspath,releaseImplementationDependenciesMetadata,releaseRuntimeClasspath,releaseUnitTestCompileClasspath,releaseUnitTestRuntimeClasspath
com.squareup.okhttp3:okhttp:3.14.9=apiDependenciesMetadata,debugAndroidTestCompileClasspath,debugApiDependenciesMetadata,debugCompileClasspath,debugImplementationDependenciesMetadata,debugRuntimeClasspath,debugUnitTestCompileClasspath,debugUnitTestRuntimeClasspath,implementationDependenciesMetadata,releaseApiDependenciesMetadata,releaseCompileClasspath,releaseImplementationDependenciesMetadata,releaseRuntimeClasspath,releaseUnitTestCompileClasspath,releaseUnitTestRuntimeClasspath
com.squareup.okio:okio:1.17.2=apiDependenciesMetadata,debugAndroidTestCompileClasspath,debugApiDependenciesMetadata,debugCompileClasspath,debugImplementationDependenciesMetadata,debugRuntimeClasspath,debugUnitTestCompileClasspath,debugUnitTestRuntimeClasspath,implementationDependenciesMetadata,releaseApiDependenciesMetadata,releaseCompileClasspath,releaseImplementationDependenciesMetadata,releaseRuntimeClasspath,releaseUnitTestCompileClasspath,releaseUnitTestRuntimeClasspath
com.squareup.retrofit2:converter-moshi:2.9.0=apiDependenciesMetadata,debugAndroidTestCompileClasspath,debugApiDependenciesMetadata,debugCompileClasspath,debugImplementationDependenciesMetadata,debugRuntimeClasspath,debugUnitTestCompileClasspath,debugUnitTestRuntimeClasspath,implementationDependenciesMetadata,releaseApiDependenciesMetadata,releaseCompileClasspath,releaseImplementationDependenciesMetadata,releaseRuntimeClasspath,releaseUnitTestCompileClasspath,releaseUnitTestRuntimeClasspath
com.squareup.retrofit2:retrofit:2.9.0=apiDependenciesMetadata,debugAndroidTestCompileClasspath,debugApiDependenciesMetadata,debugCompileClasspath,debugImplementationDependenciesMetadata,debugRuntimeClasspath,debugUnitTestCompileClasspath,debugUnitTestRuntimeClasspath,implementationDependenciesMetadata,releaseApiDependenciesMetadata,releaseCompileClasspath,releaseImplementationDependenciesMetadata,releaseRuntimeClasspath,releaseUnitTestCompileClasspath,releaseUnitTestRuntimeClasspath
com.squareup:javapoet:1.13.0=kapt,kaptAndroidTest,kaptAndroidTestDebug,kaptAndroidTestRelease,kaptClasspath_kaptDebugKotlin,kaptClasspath_kaptReleaseKotlin,kaptDebug,kaptRelease,kaptTest,kaptTestDebug,kaptTestRelease
com.squareup:javawriter:2.5.0=lintClassPath
com.squareup:kotlinpoet:1.8.0=kapt,kaptAndroidTest,kaptAndroidTestDebug,kaptAndroidTestRelease,kaptClasspath_kaptDebugKotlin,kaptClasspath_kaptReleaseKotlin,kaptDebug,kaptRelease,kaptTest,kaptTestDebug,kaptTestRelease
com.sun.activation:javax.activation:1.2.0=lintClassPath
com.sun.istack:istack-commons-runtime:3.0.8=lintClassPath
com.sun.xml.fastinfoset:FastInfoset:1.2.16=lintClassPath
commons-codec:commons-codec:1.10=kapt,kaptAndroidTest,kaptAndroidTestDebug,kaptAndroidTestRelease,kaptClasspath_kaptDebugKotlin,kaptClasspath_kaptReleaseKotlin,kaptDebug,kaptRelease,kaptTest,kaptTestDebug,kaptTestRelease,lintClassPath
commons-logging:commons-logging:1.2=lintClassPath
it.unimi.dsi:fastutil:8.4.0=lintClassPath
jakarta.activation:jakarta.activation-api:1.2.1=lintClassPath
jakarta.xml.bind:jakarta.xml.bind-api:2.3.2=lintClassPath
javax.annotation:jsr250-api:1.0=kapt,kaptAndroidTest,kaptAndroidTestDebug,kaptAndroidTestRelease,kaptClasspath_kaptDebugKotlin,kaptClasspath_kaptReleaseKotlin,kaptDebug,kaptRelease,kaptTest,kaptTestDebug,kaptTestRelease
javax.inject:javax.inject:1=apiDependenciesMetadata,debugAndroidTestCompileClasspath,debugApiDependenciesMetadata,debugCompileClasspath,debugImplementationDependenciesMetadata,debugRuntimeClasspath,debugUnitTestCompileClasspath,debugUnitTestRuntimeClasspath,implementationDependenciesMetadata,kapt,kaptAndroidTest,kaptAndroidTestDebug,kaptAndroidTestRelease,kaptClasspath_kaptDebugKotlin,kaptClasspath_kaptReleaseKotlin,kaptDebug,kaptRelease,kaptTest,kaptTestDebug,kaptTestRelease,lintClassPath,releaseApiDependenciesMetadata,releaseCompileClasspath,releaseImplementationDependenciesMetadata,releaseRuntimeClasspath,releaseUnitTestCompileClasspath,releaseUnitTestRuntimeClasspath
joda-time:joda-time:2.10.9=apiDependenciesMetadata,debugAndroidTestCompileClasspath,debugApiDependenciesMetadata,debugCompileClasspath,debugImplementationDependenciesMetadata,debugRuntimeClasspath,debugUnitTestCompileClasspath,debugUnitTestRuntimeClasspath,implementationDependenciesMetadata,releaseApiDependenciesMetadata,releaseCompileClasspath,releaseImplementationDependenciesMetadata,releaseRuntimeClasspath,releaseUnitTestCompileClasspath,releaseUnitTestRuntimeClasspath
net.danlew:android.joda:2.10.9.1=apiDependenciesMetadata,debugAndroidTestCompileClasspath,debugApiDependenciesMetadata,debugCompileClasspath,debugImplementationDependenciesMetadata,debugRuntimeClasspath,debugUnitTestCompileClasspath,debugUnitTestRuntimeClasspath,implementationDependenciesMetadata,releaseApiDependenciesMetadata,releaseCompileClasspath,releaseImplementationDependenciesMetadata,releaseRuntimeClasspath,releaseUnitTestCompileClasspath,releaseUnitTestRuntimeClasspath
net.java.dev.jna:jna-platform:5.6.0=lintClassPath
net.java.dev.jna:jna:5.6.0=lintClassPath
net.ltgt.gradle.incap:incap:0.2=kapt,kaptAndroidTest,kaptAndroidTestDebug,kaptAndroidTestRelease,kaptClasspath_kaptDebugKotlin,kaptClasspath_kaptReleaseKotlin,kaptDebug,kaptRelease,kaptTest,kaptTestDebug,kaptTestRelease
net.sf.jopt-simple:jopt-simple:4.9=lintClassPath
net.sf.kxml:kxml2:2.3.0=lintClassPath
org.apache.commons:commons-compress:1.12=lintClassPath
org.apache.httpcomponents:httpclient:4.5.6=lintClassPath
org.apache.httpcomponents:httpcore:4.4.10=lintClassPath
org.apache.httpcomponents:httpmime:4.5.6=lintClassPath
org.bouncycastle:bcpkix-jdk15on:1.56=lintClassPath
org.bouncycastle:bcprov-jdk15on:1.56=lintClassPath
org.checkerframework:checker-compat-qual:2.5.3=kapt,kaptAndroidTest,kaptAndroidTestDebug,kaptAndroidTestRelease,kaptClasspath_kaptDebugKotlin,kaptClasspath_kaptReleaseKotlin,kaptDebug,kaptRelease,kaptTest,kaptTestDebug,kaptTestRelease
org.checkerframework:checker-qual:2.11.1=kapt,kaptAndroidTest,kaptAndroidTestDebug,kaptAndroidTestRelease,kaptClasspath_kaptDebugKotlin,kaptClasspath_kaptReleaseKotlin,kaptDebug,kaptRelease,kaptTest,kaptTestDebug,kaptTestRelease
org.checkerframework:checker-qual:2.8.1=lintClassPath
org.codehaus.groovy:groovy-all:2.4.15=lintClassPath
org.codehaus.mojo:animal-sniffer-annotations:1.18=lintClassPath
org.glassfish.jaxb:jaxb-runtime:2.3.2=lintClassPath
org.glassfish.jaxb:txw2:2.3.2=lintClassPath
org.jetbrains.intellij.deps:trove4j:1.0.20181211=kotlinCompilerClasspath,kotlinCompilerPluginClasspathDebug,kotlinCompilerPluginClasspathDebugAndroidTest,kotlinCompilerPluginClasspathDebugUnitTest,kotlinCompilerPluginClasspathRelease,kotlinCompilerPluginClasspathReleaseUnitTest,kotlinKaptWorkerDependencies,kotlinKlibCommonizerClasspath,lintClassPath
org.jetbrains.kotlin:kotlin-annotation-processing-gradle:1.5.21=kotlinCompilerPluginClasspathDebug,kotlinCompilerPluginClasspathDebugAndroidTest,kotlinCompilerPluginClasspathDebugUnitTest,kotlinCompilerPluginClasspathRelease,kotlinCompilerPluginClasspathReleaseUnitTest,kotlinKaptWorkerDependencies
org.jetbrains.kotlin:kotlin-compiler-embeddable:1.5.21=kotlinCompilerClasspath,kotlinCompilerPluginClasspathDebug,kotlinCompilerPluginClasspathDebugAndroidTest,kotlinCompilerPluginClasspathDebugUnitTest,kotlinCompilerPluginClasspathRelease,kotlinCompilerPluginClasspathReleaseUnitTest,kotlinKaptWorkerDependencies,kotlinKlibCommonizerClasspath
org.jetbrains.kotlin:kotlin-daemon-embeddable:1.5.21=kotlinCompilerClasspath,kotlinCompilerPluginClasspathDebug,kotlinCompilerPluginClasspathDebugAndroidTest,kotlinCompilerPluginClasspathDebugUnitTest,kotlinCompilerPluginClasspathRelease,kotlinCompilerPluginClasspathReleaseUnitTest,kotlinKaptWorkerDependencies,kotlinKlibCommonizerClasspath
org.jetbrains.kotlin:kotlin-klib-commonizer-embeddable:1.5.21=kotlinKlibCommonizerClasspath
org.jetbrains.kotlin:kotlin-reflect:1.4.31=kapt,kaptAndroidTest,kaptAndroidTestDebug,kaptAndroidTestRelease,kaptClasspath_kaptDebugKotlin,kaptClasspath_kaptReleaseKotlin,kaptDebug,kaptRelease,kaptTest,kaptTestDebug,kaptTestRelease,lintClassPath
org.jetbrains.kotlin:kotlin-reflect:1.5.21=apiDependenciesMetadata,debugAndroidTestCompileClasspath,debugApiDependenciesMetadata,debugCompileClasspath,debugImplementationDependenciesMetadata,debugRuntimeClasspath,debugUnitTestCompileClasspath,debugUnitTestRuntimeClasspath,implementationDependenciesMetadata,kotlinCompilerClasspath,kotlinCompilerPluginClasspathDebug,kotlinCompilerPluginClasspathDebugAndroidTest,kotlinCompilerPluginClasspathDebugUnitTest,kotlinCompilerPluginClasspathRelease,kotlinCompilerPluginClasspathReleaseUnitTest,kotlinKaptWorkerDependencies,kotlinKlibCommonizerClasspath,releaseApiDependenciesMetadata,releaseCompileClasspath,releaseImplementationDependenciesMetadata,releaseRuntimeClasspath,releaseUnitTestCompileClasspath,releaseUnitTestRuntimeClasspath
org.jetbrains.kotlin:kotlin-script-runtime:1.5.21=kotlinCompilerClasspath,kotlinCompilerPluginClasspathDebug,kotlinCompilerPluginClasspathDebugAndroidTest,kotlinCompilerPluginClasspathDebugUnitTest,kotlinCompilerPluginClasspathRelease,kotlinCompilerPluginClasspathReleaseUnitTest,kotlinKaptWorkerDependencies,kotlinKlibCommonizerClasspath
org.jetbrains.kotlin:kotlin-stdlib-common:1.4.31=lintClassPath
org.jetbrains.kotlin:kotlin-stdlib-common:1.5.10=kapt,kaptAndroidTest,kaptAndroidTestDebug,kaptAndroidTestRelease,kaptClasspath_kaptDebugKotlin,kaptClasspath_kaptReleaseKotlin,kaptDebug,kaptRelease,kaptTest,kaptTestDebug,kaptTestRelease
org.jetbrains.kotlin:kotlin-stdlib-common:1.5.21=apiDependenciesMetadata,debugAndroidTestCompileClasspath,debugApiDependenciesMetadata,debugCompileClasspath,debugImplementationDependenciesMetadata,debugRuntimeClasspath,debugUnitTestCompileClasspath,debugUnitTestRuntimeClasspath,implementationDependenciesMetadata,kotlinCompilerClasspath,kotlinCompilerPluginClasspathDebug,kotlinCompilerPluginClasspathDebugAndroidTest,kotlinCompilerPluginClasspathDebugUnitTest,kotlinCompilerPluginClasspathRelease,kotlinCompilerPluginClasspathReleaseUnitTest,kotlinKaptWorkerDependencies,kotlinKlibCommonizerClasspath,releaseApiDependenciesMetadata,releaseCompileClasspath,releaseImplementationDependenciesMetadata,releaseRuntimeClasspath,releaseUnitTestCompileClasspath,releaseUnitTestRuntimeClasspath
org.jetbrains.kotlin:kotlin-stdlib-jdk7:1.4.31=lintClassPath
org.jetbrains.kotlin:kotlin-stdlib-jdk7:1.5.10=kapt,kaptAndroidTest,kaptAndroidTestDebug,kaptAndroidTestRelease,kaptClasspath_kaptDebugKotlin,kaptClasspath_kaptReleaseKotlin,kaptDebug,kaptRelease,kaptTest,kaptTestDebug,kaptTestRelease
org.jetbrains.kotlin:kotlin-stdlib-jdk7:1.5.21=apiDependenciesMetadata,debugAndroidTestCompileClasspath,debugApiDependenciesMetadata,debugCompileClasspath,debugImplementationDependenciesMetadata,debugRuntimeClasspath,debugUnitTestCompileClasspath,debugUnitTestRuntimeClasspath,implementationDependenciesMetadata,releaseApiDependenciesMetadata,releaseCompileClasspath,releaseImplementationDependenciesMetadata,releaseRuntimeClasspath,releaseUnitTestCompileClasspath,releaseUnitTestRuntimeClasspath
org.jetbrains.kotlin:kotlin-stdlib-jdk8:1.4.31=lintClassPath
org.jetbrains.kotlin:kotlin-stdlib-jdk8:1.5.10=kapt,kaptAndroidTest,kaptAndroidTestDebug,kaptAndroidTestRelease,kaptClasspath_kaptDebugKotlin,kaptClasspath_kaptReleaseKotlin,kaptDebug,kaptRelease,kaptTest,kaptTestDebug,kaptTestRelease
org.jetbrains.kotlin:kotlin-stdlib-jdk8:1.5.21=apiDependenciesMetadata,debugAndroidTestCompileClasspath,debugApiDependenciesMetadata,debugCompileClasspath,debugImplementationDependenciesMetadata,debugRuntimeClasspath,debugUnitTestCompileClasspath,debugUnitTestRuntimeClasspath,implementationDependenciesMetadata,releaseApiDependenciesMetadata,releaseCompileClasspath,releaseImplementationDependenciesMetadata,releaseRuntimeClasspath,releaseUnitTestCompileClasspath,releaseUnitTestRuntimeClasspath
org.jetbrains.kotlin:kotlin-stdlib:1.4.31=lintClassPath
org.jetbrains.kotlin:kotlin-stdlib:1.5.10=kapt,kaptAndroidTest,kaptAndroidTestDebug,kaptAndroidTestRelease,kaptClasspath_kaptDebugKotlin,kaptClasspath_kaptReleaseKotlin,kaptDebug,kaptRelease,kaptTest,kaptTestDebug,kaptTestRelease
org.jetbrains.kotlin:kotlin-stdlib:1.5.21=apiDependenciesMetadata,debugAndroidTestCompileClasspath,debugApiDependenciesMetadata,debugCompileClasspath,debugImplementationDependenciesMetadata,debugRuntimeClasspath,debugUnitTestCompileClasspath,debugUnitTestRuntimeClasspath,implementationDependenciesMetadata,kotlinCompilerClasspath,kotlinCompilerPluginClasspathDebug,kotlinCompilerPluginClasspathDebugAndroidTest,kotlinCompilerPluginClasspathDebugUnitTest,kotlinCompilerPluginClasspathRelease,kotlinCompilerPluginClasspathReleaseUnitTest,kotlinKaptWorkerDependencies,kotlinKlibCommonizerClasspath,releaseApiDependenciesMetadata,releaseCompileClasspath,releaseImplementationDependenciesMetadata,releaseRuntimeClasspath,releaseUnitTestCompileClasspath,releaseUnitTestRuntimeClasspath
org.jetbrains.kotlinx:kotlinx-coroutines-android:1.5.1=apiDependenciesMetadata,debugAndroidTestCompileClasspath,debugApiDependenciesMetadata,debugCompileClasspath,debugImplementationDependenciesMetadata,debugRuntimeClasspath,debugUnitTestCompileClasspath,debugUnitTestRuntimeClasspath,implementationDependenciesMetadata,releaseApiDependenciesMetadata,releaseCompileClasspath,releaseImplementationDependenciesMetadata,releaseRuntimeClasspath,releaseUnitTestCompileClasspath,releaseUnitTestRuntimeClasspath
org.jetbrains.kotlinx:kotlinx-coroutines-core-jvm:1.5.1=debugAndroidTestCompileClasspath,debugCompileClasspath,debugRuntimeClasspath,debugUnitTestCompileClasspath,debugUnitTestRuntimeClasspath,releaseCompileClasspath,releaseRuntimeClasspath,releaseUnitTestCompileClasspath,releaseUnitTestRuntimeClasspath
org.jetbrains.kotlinx:kotlinx-coroutines-core:1.5.1=apiDependenciesMetadata,debugAndroidTestCompileClasspath,debugApiDependenciesMetadata,debugCompileClasspath,debugImplementationDependenciesMetadata,debugRuntimeClasspath,debugUnitTestCompileClasspath,debugUnitTestRuntimeClasspath,implementationDependenciesMetadata,releaseApiDependenciesMetadata,releaseCompileClasspath,releaseImplementationDependenciesMetadata,releaseRuntimeClasspath,releaseUnitTestCompileClasspath,releaseUnitTestRuntimeClasspath
org.jetbrains.kotlinx:kotlinx-metadata-jvm:0.3.0=kapt,kaptAndroidTest,kaptAndroidTestDebug,kaptAndroidTestRelease,kaptClasspath_kaptDebugKotlin,kaptClasspath_kaptReleaseKotlin,kaptDebug,kaptRelease,kaptTest,kaptTestDebug,kaptTestRelease
org.jetbrains:annotations:13.0=apiDependenciesMetadata,debugAndroidTestCompileClasspath,debugApiDependenciesMetadata,debugCompileClasspath,debugImplementationDependenciesMetadata,debugRuntimeClasspath,debugUnitTestCompileClasspath,debugUnitTestRuntimeClasspath,implementationDependenciesMetadata,kapt,kaptAndroidTest,kaptAndroidTestDebug,kaptAndroidTestRelease,kaptClasspath_kaptDebugKotlin,kaptClasspath_kaptReleaseKotlin,kaptDebug,kaptRelease,kaptTest,kaptTestDebug,kaptTestRelease,kotlinCompilerClasspath,kotlinCompilerPluginClasspathDebug,kotlinCompilerPluginClasspathDebugAndroidTest,kotlinCompilerPluginClasspathDebugUnitTest,kotlinCompilerPluginClasspathRelease,kotlinCompilerPluginClasspathReleaseUnitTest,kotlinKaptWorkerDependencies,kotlinKlibCommonizerClasspath,lintClassPath,releaseApiDependenciesMetadata,releaseCompileClasspath,releaseImplementationDependenciesMetadata,releaseRuntimeClasspath,releaseUnitTestCompileClasspath,releaseUnitTestRuntimeClasspath
org.jvnet.staxex:stax-ex:1.8.1=lintClassPath
org.ow2.asm:asm-analysis:7.0=lintClassPath
org.ow2.asm:asm-commons:7.0=lintClassPath
org.ow2.asm:asm-tree:7.0=lintClassPath
org.ow2.asm:asm-util:7.0=lintClassPath
org.ow2.asm:asm:7.0=lintClassPath
org.xerial:sqlite-jdbc:3.36.0=kapt,kaptAndroidTest,kaptAndroidTestDebug,kaptAndroidTestRelease,kaptClasspath_kaptDebugKotlin,kaptClasspath_kaptReleaseKotlin,kaptDebug,kaptRelease,kaptTest,kaptTestDebug,kaptTestRelease
xerces:xercesImpl:2.12.0=lintClassPath
xml-apis:xml-apis:1.4.01=lintClassPath
empty=_classStructurekaptDebugAndroidTestKotlin,_classStructurekaptDebugKotlin,_classStructurekaptDebugUnitTestKotlin,_classStructurekaptReleaseKotlin,_classStructurekaptReleaseUnitTestKotlin,androidApis,androidTestApiDependenciesMetadata,androidTestCompileOnlyDependenciesMetadata,androidTestDebugApiDependenciesMetadata,androidTestDebugCompileOnlyDependenciesMetadata,androidTestDebugImplementationDependenciesMetadata,androidTestDebugIntransitiveDependenciesMetadata,androidTestDebugRuntimeOnlyDependenciesMetadata,androidTestImplementationDependenciesMetadata,androidTestIntransitiveDependenciesMetadata,androidTestReleaseApiDependenciesMetadata,androidTestReleaseCompileOnlyDependenciesMetadata,androidTestReleaseImplementationDependenciesMetadata,androidTestReleaseIntransitiveDependenciesMetadata,androidTestReleaseRuntimeOnlyDependenciesMetadata,androidTestRuntimeOnlyDependenciesMetadata,androidTestUtil,compile,compileOnlyDependenciesMetadata,coreLibraryDesugaring,debugAndroidTestAnnotationProcessorClasspath,debugAndroidTestApiDependenciesMetadata,debugAndroidTestCompileOnlyDependenciesMetadata,debugAndroidTestImplementationDependenciesMetadata,debugAndroidTestIntransitiveDependenciesMetadata,debugAndroidTestRuntimeClasspath,debugAndroidTestRuntimeOnlyDependenciesMetadata,debugAnnotationProcessorClasspath,debugCompile,debugCompileOnly,debugCompileOnlyDependenciesMetadata,debugIntransitiveDependenciesMetadata,debugReverseMetadataValues,debugRuntimeOnlyDependenciesMetadata,debugUnitTestAnnotationProcessorClasspath,debugUnitTestApiDependenciesMetadata,debugUnitTestCompileOnlyDependenciesMetadata,debugUnitTestImplementationDependenciesMetadata,debugUnitTestIntransitiveDependenciesMetadata,debugUnitTestRuntimeOnlyDependenciesMetadata,debugWearBundling,intransitiveDependenciesMetadata,kaptClasspath_kaptDebugAndroidTestKotlin,kaptClasspath_kaptDebugUnitTestKotlin,kaptClasspath_kaptReleaseUnitTestKotlin,kotlinCompilerPluginClasspath,kotlinNativeCompilerPluginClasspath,ktlintRuleset,lintChecks,lintPublish,releaseAnnotationProcessorClasspath,releaseCompile,releaseCompileOnly,releaseCompileOnlyDependenciesMetadata,releaseIntransitiveDependenciesMetadata,releaseReverseMetadataValues,releaseRuntimeOnlyDependenciesMetadata,releaseUnitTestAnnotationProcessorClasspath,releaseUnitTestApiDependenciesMetadata,releaseUnitTestCompileOnlyDependenciesMetadata,releaseUnitTestImplementationDependenciesMetadata,releaseUnitTestIntransitiveDependenciesMetadata,releaseUnitTestRuntimeOnlyDependenciesMetadata,releaseWearBundling,runtimeOnlyDependenciesMetadata,testApiDependenciesMetadata,testCompile,testCompileOnlyDependenciesMetadata,testDebugApiDependenciesMetadata,testDebugCompileOnlyDependenciesMetadata,testDebugImplementationDependenciesMetadata,testDebugIntransitiveDependenciesMetadata,testDebugRuntimeOnlyDependenciesMetadata,testImplementationDependenciesMetadata,testIntransitiveDependenciesMetadata,testReleaseApiDependenciesMetadata,testReleaseCompileOnlyDependenciesMetadata,testReleaseImplementationDependenciesMetadata,testReleaseIntransitiveDependenciesMetadata,testReleaseRuntimeOnlyDependenciesMetadata,testRuntimeOnlyDependenciesMetadata
